
Microsoft Visual Studio Solution File, Format Version 10.00
# Visual Studio 2008
Project("{8BC9CEB8-8B4A-11D0-8D11-00A0C91BC942}") = "InSetup", "InSetup\InSetup.vcproj", "{099DCA64-47EC-4B5A-9642-43FC1240C10D}"
EndProject
Global
	GlobalSection(SolutionConfigurationPlatforms) = preSolution
		Debug CL|Windows Mobile 5.0 Pocket PC SDK (ARMV4I) = Debug CL|Windows Mobile 5.0 Pocket PC SDK (ARMV4I)
		Debug CL|Windows Mobile 6 Professional SDK (ARMV4I) = Debug CL|Windows Mobile 6 Professional SDK (ARMV4I)
		Debug CL|Windows Mobile 6.5.3 Professional DTK (ARMV4I) = Debug CL|Windows Mobile 6.5.3 Professional DTK (ARMV4I)
		Debug CN|Windows Mobile 5.0 Pocket PC SDK (ARMV4I) = Debug CN|Windows Mobile 5.0 Pocket PC SDK (ARMV4I)
		Debug CN|Windows Mobile 6 Professional SDK (ARMV4I) = Debug CN|Windows Mobile 6 Professional SDK (ARMV4I)
		Debug CN|Windows Mobile 6.5.3 Professional DTK (ARMV4I) = Debug CN|Windows Mobile 6.5.3 Professional DTK (ARMV4I)
		Debug EX|Windows Mobile 5.0 Pocket PC SDK (ARMV4I) = Debug EX|Windows Mobile 5.0 Pocket PC SDK (ARMV4I)
		Debug EX|Windows Mobile 6 Professional SDK (ARMV4I) = Debug EX|Windows Mobile 6 Professional SDK (ARMV4I)
		Debug EX|Windows Mobile 6.5.3 Professional DTK (ARMV4I) = Debug EX|Windows Mobile 6.5.3 Professional DTK (ARMV4I)
		Debug FN|Windows Mobile 5.0 Pocket PC SDK (ARMV4I) = Debug FN|Windows Mobile 5.0 Pocket PC SDK (ARMV4I)
		Debug FN|Windows Mobile 6 Professional SDK (ARMV4I) = Debug FN|Windows Mobile 6 Professional SDK (ARMV4I)
		Debug FN|Windows Mobile 6.5.3 Professional DTK (ARMV4I) = Debug FN|Windows Mobile 6.5.3 Professional DTK (ARMV4I)
		Debug GG|Windows Mobile 5.0 Pocket PC SDK (ARMV4I) = Debug GG|Windows Mobile 5.0 Pocket PC SDK (ARMV4I)
		Debug GG|Windows Mobile 6 Professional SDK (ARMV4I) = Debug GG|Windows Mobile 6 Professional SDK (ARMV4I)
		Debug GG|Windows Mobile 6.5.3 Professional DTK (ARMV4I) = Debug GG|Windows Mobile 6.5.3 Professional DTK (ARMV4I)
		Debug RG|Windows Mobile 5.0 Pocket PC SDK (ARMV4I) = Debug RG|Windows Mobile 5.0 Pocket PC SDK (ARMV4I)
		Debug RG|Windows Mobile 6 Professional SDK (ARMV4I) = Debug RG|Windows Mobile 6 Professional SDK (ARMV4I)
		Debug RG|Windows Mobile 6.5.3 Professional DTK (ARMV4I) = Debug RG|Windows Mobile 6.5.3 Professional DTK (ARMV4I)
		Debug|Windows Mobile 5.0 Pocket PC SDK (ARMV4I) = Debug|Windows Mobile 5.0 Pocket PC SDK (ARMV4I)
		Debug|Windows Mobile 6 Professional SDK (ARMV4I) = Debug|Windows Mobile 6 Professional SDK (ARMV4I)
		Debug|Windows Mobile 6.5.3 Professional DTK (ARMV4I) = Debug|Windows Mobile 6.5.3 Professional DTK (ARMV4I)
		Release CL|Windows Mobile 5.0 Pocket PC SDK (ARMV4I) = Release CL|Windows Mobile 5.0 Pocket PC SDK (ARMV4I)
		Release CL|Windows Mobile 6 Professional SDK (ARMV4I) = Release CL|Windows Mobile 6 Professional SDK (ARMV4I)
		Release CL|Windows Mobile 6.5.3 Professional DTK (ARMV4I) = Release CL|Windows Mobile 6.5.3 Professional DTK (ARMV4I)
		Release CN|Windows Mobile 5.0 Pocket PC SDK (ARMV4I) = Release CN|Windows Mobile 5.0 Pocket PC SDK (ARMV4I)
		Release CN|Windows Mobile 6 Professional SDK (ARMV4I) = Release CN|Windows Mobile 6 Professional SDK (ARMV4I)
		Release CN|Windows Mobile 6.5.3 Professional DTK (ARMV4I) = Release CN|Windows Mobile 6.5.3 Professional DTK (ARMV4I)
		Release EX|Windows Mobile 5.0 Pocket PC SDK (ARMV4I) = Release EX|Windows Mobile 5.0 Pocket PC SDK (ARMV4I)
		Release EX|Windows Mobile 6 Professional SDK (ARMV4I) = Release EX|Windows Mobile 6 Professional SDK (ARMV4I)
		Release EX|Windows Mobile 6.5.3 Professional DTK (ARMV4I) = Release EX|Windows Mobile 6.5.3 Professional DTK (ARMV4I)
		Release FN|Windows Mobile 5.0 Pocket PC SDK (ARMV4I) = Release FN|Windows Mobile 5.0 Pocket PC SDK (ARMV4I)
		Release FN|Windows Mobile 6 Professional SDK (ARMV4I) = Release FN|Windows Mobile 6 Professional SDK (ARMV4I)
		Release FN|Windows Mobile 6.5.3 Professional DTK (ARMV4I) = Release FN|Windows Mobile 6.5.3 Professional DTK (ARMV4I)
		Release GG|Windows Mobile 5.0 Pocket PC SDK (ARMV4I) = Release GG|Windows Mobile 5.0 Pocket PC SDK (ARMV4I)
		Release GG|Windows Mobile 6 Professional SDK (ARMV4I) = Release GG|Windows Mobile 6 Professional SDK (ARMV4I)
		Release GG|Windows Mobile 6.5.3 Professional DTK (ARMV4I) = Release GG|Windows Mobile 6.5.3 Professional DTK (ARMV4I)
		Release RG|Windows Mobile 5.0 Pocket PC SDK (ARMV4I) = Release RG|Windows Mobile 5.0 Pocket PC SDK (ARMV4I)
		Release RG|Windows Mobile 6 Professional SDK (ARMV4I) = Release RG|Windows Mobile 6 Professional SDK (ARMV4I)
		Release RG|Windows Mobile 6.5.3 Professional DTK (ARMV4I) = Release RG|Windows Mobile 6.5.3 Professional DTK (ARMV4I)
		Release|Windows Mobile 5.0 Pocket PC SDK (ARMV4I) = Release|Windows Mobile 5.0 Pocket PC SDK (ARMV4I)
		Release|Windows Mobile 6 Professional SDK (ARMV4I) = Release|Windows Mobile 6 Professional SDK (ARMV4I)
		Release|Windows Mobile 6.5.3 Professional DTK (ARMV4I) = Release|Windows Mobile 6.5.3 Professional DTK (ARMV4I)
	EndGlobalSection
	GlobalSection(ProjectConfigurationPlatforms) = postSolution
		{099DCA64-47EC-4B5A-9642-43FC1240C10D}.Debug CL|Windows Mobile 5.0 Pocket PC SDK (ARMV4I).ActiveCfg = Debug CL|Windows Mobile 5.0 Pocket PC SDK (ARMV4I)
		{099DCA64-47EC-4B5A-9642-43FC1240C10D}.Debug CL|Windows Mobile 5.0 Pocket PC SDK (ARMV4I).Build.0 = Debug CL|Windows Mobile 5.0 Pocket PC SDK (ARMV4I)
		{099DCA64-47EC-4B5A-9642-43FC1240C10D}.Debug CL|Windows Mobile 5.0 Pocket PC SDK (ARMV4I).Deploy.0 = Debug CL|Windows Mobile 5.0 Pocket PC SDK (ARMV4I)
		{099DCA64-47EC-4B5A-9642-43FC1240C10D}.Debug CL|Windows Mobile 6 Professional SDK (ARMV4I).ActiveCfg = Debug CL|Windows Mobile 6 Professional SDK (ARMV4I)
		{099DCA64-47EC-4B5A-9642-43FC1240C10D}.Debug CL|Windows Mobile 6 Professional SDK (ARMV4I).Build.0 = Debug CL|Windows Mobile 6 Professional SDK (ARMV4I)
		{099DCA64-47EC-4B5A-9642-43FC1240C10D}.Debug CL|Windows Mobile 6 Professional SDK (ARMV4I).Deploy.0 = Debug CL|Windows Mobile 6 Professional SDK (ARMV4I)
		{099DCA64-47EC-4B5A-9642-43FC1240C10D}.Debug CL|Windows Mobile 6.5.3 Professional DTK (ARMV4I).ActiveCfg = Debug CL|Windows Mobile 6.5.3 Professional DTK (ARMV4I)
		{099DCA64-47EC-4B5A-9642-43FC1240C10D}.Debug CL|Windows Mobile 6.5.3 Professional DTK (ARMV4I).Build.0 = Debug CL|Windows Mobile 6.5.3 Professional DTK (ARMV4I)
		{099DCA64-47EC-4B5A-9642-43FC1240C10D}.Debug CL|Windows Mobile 6.5.3 Professional DTK (ARMV4I).Deploy.0 = Debug CL|Windows Mobile 6.5.3 Professional DTK (ARMV4I)
		{099DCA64-47EC-4B5A-9642-43FC1240C10D}.Debug CN|Windows Mobile 5.0 Pocket PC SDK (ARMV4I).ActiveCfg = Debug CN|Windows Mobile 5.0 Pocket PC SDK (ARMV4I)
		{099DCA64-47EC-4B5A-9642-43FC1240C10D}.Debug CN|Windows Mobile 5.0 Pocket PC SDK (ARMV4I).Build.0 = Debug CN|Windows Mobile 5.0 Pocket PC SDK (ARMV4I)
		{099DCA64-47EC-4B5A-9642-43FC1240C10D}.Debug CN|Windows Mobile 5.0 Pocket PC SDK (ARMV4I).Deploy.0 = Debug CN|Windows Mobile 5.0 Pocket PC SDK (ARMV4I)
		{099DCA64-47EC-4B5A-9642-43FC1240C10D}.Debug CN|Windows Mobile 6 Professional SDK (ARMV4I).ActiveCfg = Debug CN|Windows Mobile 6 Professional SDK (ARMV4I)
		{099DCA64-47EC-4B5A-9642-43FC1240C10D}.Debug CN|Windows Mobile 6 Professional SDK (ARMV4I).Build.0 = Debug CN|Windows Mobile 6 Professional SDK (ARMV4I)
		{099DCA64-47EC-4B5A-9642-43FC1240C10D}.Debug CN|Windows Mobile 6 Professional SDK (ARMV4I).Deploy.0 = Debug CN|Windows Mobile 6 Professional SDK (ARMV4I)
		{099DCA64-47EC-4B5A-9642-43FC1240C10D}.Debug CN|Windows Mobile 6.5.3 Professional DTK (ARMV4I).ActiveCfg = Debug CN|Windows Mobile 6.5.3 Professional DTK (ARMV4I)
		{099DCA64-47EC-4B5A-9642-43FC1240C10D}.Debug CN|Windows Mobile 6.5.3 Professional DTK (ARMV4I).Build.0 = Debug CN|Windows Mobile 6.5.3 Professional DTK (ARMV4I)
		{099DCA64-47EC-4B5A-9642-43FC1240C10D}.Debug CN|Windows Mobile 6.5.3 Professional DTK (ARMV4I).Deploy.0 = Debug CN|Windows Mobile 6.5.3 Professional DTK (ARMV4I)
		{099DCA64-47EC-4B5A-9642-43FC1240C10D}.Debug EX|Windows Mobile 5.0 Pocket PC SDK (ARMV4I).ActiveCfg = Debug EX|Windows Mobile 5.0 Pocket PC SDK (ARMV4I)
		{099DCA64-47EC-4B5A-9642-43FC1240C10D}.Debug EX|Windows Mobile 5.0 Pocket PC SDK (ARMV4I).Build.0 = Debug EX|Windows Mobile 5.0 Pocket PC SDK (ARMV4I)
		{099DCA64-47EC-4B5A-9642-43FC1240C10D}.Debug EX|Windows Mobile 5.0 Pocket PC SDK (ARMV4I).Deploy.0 = Debug EX|Windows Mobile 5.0 Pocket PC SDK (ARMV4I)
		{099DCA64-47EC-4B5A-9642-43FC1240C10D}.Debug EX|Windows Mobile 6 Professional SDK (ARMV4I).ActiveCfg = Debug EX|Windows Mobile 6 Professional SDK (ARMV4I)
		{099DCA64-47EC-4B5A-9642-43FC1240C10D}.Debug EX|Windows Mobile 6 Professional SDK (ARMV4I).Build.0 = Debug EX|Windows Mobile 6 Professional SDK (ARMV4I)
		{099DCA64-47EC-4B5A-9642-43FC1240C10D}.Debug EX|Windows Mobile 6 Professional SDK (ARMV4I).Deploy.0 = Debug EX|Windows Mobile 6 Professional SDK (ARMV4I)
		{099DCA64-47EC-4B5A-9642-43FC1240C10D}.Debug EX|Windows Mobile 6.5.3 Professional DTK (ARMV4I).ActiveCfg = Debug EX|Windows Mobile 6.5.3 Professional DTK (ARMV4I)
		{099DCA64-47EC-4B5A-9642-43FC1240C10D}.Debug EX|Windows Mobile 6.5.3 Professional DTK (ARMV4I).Build.0 = Debug EX|Windows Mobile 6.5.3 Professional DTK (ARMV4I)
		{099DCA64-47EC-4B5A-9642-43FC1240C10D}.Debug EX|Windows Mobile 6.5.3 Professional DTK (ARMV4I).Deploy.0 = Debug EX|Windows Mobile 6.5.3 Professional DTK (ARMV4I)
		{099DCA64-47EC-4B5A-9642-43FC1240C10D}.Debug FN|Windows Mobile 5.0 Pocket PC SDK (ARMV4I).ActiveCfg = Debug FN|Windows Mobile 5.0 Pocket PC SDK (ARMV4I)
		{099DCA64-47EC-4B5A-9642-43FC1240C10D}.Debug FN|Windows Mobile 5.0 Pocket PC SDK (ARMV4I).Build.0 = Debug FN|Windows Mobile 5.0 Pocket PC SDK (ARMV4I)
		{099DCA64-47EC-4B5A-9642-43FC1240C10D}.Debug FN|Windows Mobile 5.0 Pocket PC SDK (ARMV4I).Deploy.0 = Debug FN|Windows Mobile 5.0 Pocket PC SDK (ARMV4I)
		{099DCA64-47EC-4B5A-9642-43FC1240C10D}.Debug FN|Windows Mobile 6 Professional SDK (ARMV4I).ActiveCfg = Debug FN|Windows Mobile 6 Professional SDK (ARMV4I)
		{099DCA64-47EC-4B5A-9642-43FC1240C10D}.Debug FN|Windows Mobile 6 Professional SDK (ARMV4I).Build.0 = Debug FN|Windows Mobile 6 Professional SDK (ARMV4I)
		{099DCA64-47EC-4B5A-9642-43FC1240C10D}.Debug FN|Windows Mobile 6 Professional SDK (ARMV4I).Deploy.0 = Debug FN|Windows Mobile 6 Professional SDK (ARMV4I)
		{099DCA64-47EC-4B5A-9642-43FC1240C10D}.Debug FN|Windows Mobile 6.5.3 Professional DTK (ARMV4I).ActiveCfg = Debug FN|Windows Mobile 6.5.3 Professional DTK (ARMV4I)
		{099DCA64-47EC-4B5A-9642-43FC1240C10D}.Debug FN|Windows Mobile 6.5.3 Professional DTK (ARMV4I).Build.0 = Debug FN|Windows Mobile 6.5.3 Professional DTK (ARMV4I)
		{099DCA64-47EC-4B5A-9642-43FC1240C10D}.Debug FN|Windows Mobile 6.5.3 Professional DTK (ARMV4I).Deploy.0 = Debug FN|Windows Mobile 6.5.3 Professional DTK (ARMV4I)
		{099DCA64-47EC-4B5A-9642-43FC1240C10D}.Debug GG|Windows Mobile 5.0 Pocket PC SDK (ARMV4I).ActiveCfg = Debug GG|Windows Mobile 5.0 Pocket PC SDK (ARMV4I)
		{099DCA64-47EC-4B5A-9642-43FC1240C10D}.Debug GG|Windows Mobile 5.0 Pocket PC SDK (ARMV4I).Build.0 = Debug GG|Windows Mobile 5.0 Pocket PC SDK (ARMV4I)
		{099DCA64-47EC-4B5A-9642-43FC1240C10D}.Debug GG|Windows Mobile 5.0 Pocket PC SDK (ARMV4I).Deploy.0 = Debug GG|Windows Mobile 5.0 Pocket PC SDK (ARMV4I)
		{099DCA64-47EC-4B5A-9642-43FC1240C10D}.Debug GG|Windows Mobile 6 Professional SDK (ARMV4I).ActiveCfg = Debug GG|Windows Mobile 6 Professional SDK (ARMV4I)
		{099DCA64-47EC-4B5A-9642-43FC1240C10D}.Debug GG|Windows Mobile 6 Professional SDK (ARMV4I).Build.0 = Debug GG|Windows Mobile 6 Professional SDK (ARMV4I)
		{099DCA64-47EC-4B5A-9642-43FC1240C10D}.Debug GG|Windows Mobile 6 Professional SDK (ARMV4I).Deploy.0 = Debug GG|Windows Mobile 6 Professional SDK (ARMV4I)
		{099DCA64-47EC-4B5A-9642-43FC1240C10D}.Debug GG|Windows Mobile 6.5.3 Professional DTK (ARMV4I).ActiveCfg = Debug GG|Windows Mobile 6.5.3 Professional DTK (ARMV4I)
		{099DCA64-47EC-4B5A-9642-43FC1240C10D}.Debug GG|Windows Mobile 6.5.3 Professional DTK (ARMV4I).Build.0 = Debug GG|Windows Mobile 6.5.3 Professional DTK (ARMV4I)
		{099DCA64-47EC-4B5A-9642-43FC1240C10D}.Debug GG|Windows Mobile 6.5.3 Professional DTK (ARMV4I).Deploy.0 = Debug GG|Windows Mobile 6.5.3 Professional DTK (ARMV4I)
		{099DCA64-47EC-4B5A-9642-43FC1240C10D}.Debug RG|Windows Mobile 5.0 Pocket PC SDK (ARMV4I).ActiveCfg = Debug RG|Windows Mobile 5.0 Pocket PC SDK (ARMV4I)
		{099DCA64-47EC-4B5A-9642-43FC1240C10D}.Debug RG|Windows Mobile 5.0 Pocket PC SDK (ARMV4I).Build.0 = Debug RG|Windows Mobile 5.0 Pocket PC SDK (ARMV4I)
		{099DCA64-47EC-4B5A-9642-43FC1240C10D}.Debug RG|Windows Mobile 5.0 Pocket PC SDK (ARMV4I).Deploy.0 = Debug RG|Windows Mobile 5.0 Pocket PC SDK (ARMV4I)
		{099DCA64-47EC-4B5A-9642-43FC1240C10D}.Debug RG|Windows Mobile 6 Professional SDK (ARMV4I).ActiveCfg = Debug RG|Windows Mobile 6 Professional SDK (ARMV4I)
		{099DCA64-47EC-4B5A-9642-43FC1240C10D}.Debug RG|Windows Mobile 6 Professional SDK (ARMV4I).Build.0 = Debug RG|Windows Mobile 6 Professional SDK (ARMV4I)
		{099DCA64-47EC-4B5A-9642-43FC1240C10D}.Debug RG|Windows Mobile 6 Professional SDK (ARMV4I).Deploy.0 = Debug RG|Windows Mobile 6 Professional SDK (ARMV4I)
		{099DCA64-47EC-4B5A-9642-43FC1240C10D}.Debug RG|Windows Mobile 6.5.3 Professional DTK (ARMV4I).ActiveCfg = Debug RG|Windows Mobile 6.5.3 Professional DTK (ARMV4I)
		{099DCA64-47EC-4B5A-9642-43FC1240C10D}.Debug RG|Windows Mobile 6.5.3 Professional DTK (ARMV4I).Build.0 = Debug RG|Windows Mobile 6.5.3 Professional DTK (ARMV4I)
		{099DCA64-47EC-4B5A-9642-43FC1240C10D}.Debug RG|Windows Mobile 6.5.3 Professional DTK (ARMV4I).Deploy.0 = Debug RG|Windows Mobile 6.5.3 Professional DTK (ARMV4I)
		{099DCA64-47EC-4B5A-9642-43FC1240C10D}.Debug|Windows Mobile 5.0 Pocket PC SDK (ARMV4I).ActiveCfg = Debug|Windows Mobile 5.0 Pocket PC SDK (ARMV4I)
		{099DCA64-47EC-4B5A-9642-43FC1240C10D}.Debug|Windows Mobile 5.0 Pocket PC SDK (ARMV4I).Build.0 = Debug|Windows Mobile 5.0 Pocket PC SDK (ARMV4I)
		{099DCA64-47EC-4B5A-9642-43FC1240C10D}.Debug|Windows Mobile 5.0 Pocket PC SDK (ARMV4I).Deploy.0 = Debug|Windows Mobile 5.0 Pocket PC SDK (ARMV4I)
		{099DCA64-47EC-4B5A-9642-43FC1240C10D}.Debug|Windows Mobile 6 Professional SDK (ARMV4I).ActiveCfg = Debug|Windows Mobile 6 Professional SDK (ARMV4I)
		{099DCA64-47EC-4B5A-9642-43FC1240C10D}.Debug|Windows Mobile 6 Professional SDK (ARMV4I).Build.0 = Debug|Windows Mobile 6 Professional SDK (ARMV4I)
		{099DCA64-47EC-4B5A-9642-43FC1240C10D}.Debug|Windows Mobile 6 Professional SDK (ARMV4I).Deploy.0 = Debug|Windows Mobile 6 Professional SDK (ARMV4I)
		{099DCA64-47EC-4B5A-9642-43FC1240C10D}.Debug|Windows Mobile 6.5.3 Professional DTK (ARMV4I).ActiveCfg = Debug|Windows Mobile 6.5.3 Professional DTK (ARMV4I)
		{099DCA64-47EC-4B5A-9642-43FC1240C10D}.Debug|Windows Mobile 6.5.3 Professional DTK (ARMV4I).Build.0 = Debug|Windows Mobile 6.5.3 Professional DTK (ARMV4I)
		{099DCA64-47EC-4B5A-9642-43FC1240C10D}.Debug|Windows Mobile 6.5.3 Professional DTK (ARMV4I).Deploy.0 = Debug|Windows Mobile 6.5.3 Professional DTK (ARMV4I)
		{099DCA64-47EC-4B5A-9642-43FC1240C10D}.Release CL|Windows Mobile 5.0 Pocket PC SDK (ARMV4I).ActiveCfg = Release CL|Windows Mobile 5.0 Pocket PC SDK (ARMV4I)
		{099DCA64-47EC-4B5A-9642-43FC1240C10D}.Release CL|Windows Mobile 5.0 Pocket PC SDK (ARMV4I).Build.0 = Release CL|Windows Mobile 5.0 Pocket PC SDK (ARMV4I)
		{099DCA64-47EC-4B5A-9642-43FC1240C10D}.Release CL|Windows Mobile 5.0 Pocket PC SDK (ARMV4I).Deploy.0 = Release CL|Windows Mobile 5.0 Pocket PC SDK (ARMV4I)
		{099DCA64-47EC-4B5A-9642-43FC1240C10D}.Release CL|Windows Mobile 6 Professional SDK (ARMV4I).ActiveCfg = Release CL|Windows Mobile 6 Professional SDK (ARMV4I)
		{099DCA64-47EC-4B5A-9642-43FC1240C10D}.Release CL|Windows Mobile 6 Professional SDK (ARMV4I).Build.0 = Release CL|Windows Mobile 6 Professional SDK (ARMV4I)
		{099DCA64-47EC-4B5A-9642-43FC1240C10D}.Release CL|Windows Mobile 6 Professional SDK (ARMV4I).Deploy.0 = Release CL|Windows Mobile 6 Professional SDK (ARMV4I)
		{099DCA64-47EC-4B5A-9642-43FC1240C10D}.Release CL|Windows Mobile 6.5.3 Professional DTK (ARMV4I).ActiveCfg = Release CL|Windows Mobile 6.5.3 Professional DTK (ARMV4I)
		{099DCA64-47EC-4B5A-9642-43FC1240C10D}.Release CL|Windows Mobile 6.5.3 Professional DTK (ARMV4I).Build.0 = Release CL|Windows Mobile 6.5.3 Professional DTK (ARMV4I)
		{099DCA64-47EC-4B5A-9642-43FC1240C10D}.Release CL|Windows Mobile 6.5.3 Professional DTK (ARMV4I).Deploy.0 = Release CL|Windows Mobile 6.5.3 Professional DTK (ARMV4I)
		{099DCA64-47EC-4B5A-9642-43FC1240C10D}.Release CN|Windows Mobile 5.0 Pocket PC SDK (ARMV4I).ActiveCfg = Release CN|Windows Mobile 5.0 Pocket PC SDK (ARMV4I)
		{099DCA64-47EC-4B5A-9642-43FC1240C10D}.Release CN|Windows Mobile 5.0 Pocket PC SDK (ARMV4I).Build.0 = Release CN|Windows Mobile 5.0 Pocket PC SDK (ARMV4I)
		{099DCA64-47EC-4B5A-9642-43FC1240C10D}.Release CN|Windows Mobile 5.0 Pocket PC SDK (ARMV4I).Deploy.0 = Release CN|Windows Mobile 5.0 Pocket PC SDK (ARMV4I)
		{099DCA64-47EC-4B5A-9642-43FC1240C10D}.Release CN|Windows Mobile 6 Professional SDK (ARMV4I).ActiveCfg = Release CN|Windows Mobile 6 Professional SDK (ARMV4I)
		{099DCA64-47EC-4B5A-9642-43FC1240C10D}.Release CN|Windows Mobile 6 Professional SDK (ARMV4I).Build.0 = Release CN|Windows Mobile 6 Professional SDK (ARMV4I)
		{099DCA64-47EC-4B5A-9642-43FC1240C10D}.Release CN|Windows Mobile 6 Professional SDK (ARMV4I).Deploy.0 = Release CN|Windows Mobile 6 Professional SDK (ARMV4I)
		{099DCA64-47EC-4B5A-9642-43FC1240C10D}.Release CN|Windows Mobile 6.5.3 Professional DTK (ARMV4I).ActiveCfg = Release CN|Windows Mobile 6.5.3 Professional DTK (ARMV4I)
		{099DCA64-47EC-4B5A-9642-43FC1240C10D}.Release CN|Windows Mobile 6.5.3 Professional DTK (ARMV4I).Build.0 = Release CN|Windows Mobile 6.5.3 Professional DTK (ARMV4I)
		{099DCA64-47EC-4B5A-9642-43FC1240C10D}.Release CN|Windows Mobile 6.5.3 Professional DTK (ARMV4I).Deploy.0 = Release CN|Windows Mobile 6.5.3 Professional DTK (ARMV4I)
		{099DCA64-47EC-4B5A-9642-43FC1240C10D}.Release EX|Windows Mobile 5.0 Pocket PC SDK (ARMV4I).ActiveCfg = Release EX|Windows Mobile 5.0 Pocket PC SDK (ARMV4I)
		{099DCA64-47EC-4B5A-9642-43FC1240C10D}.Release EX|Windows Mobile 5.0 Pocket PC SDK (ARMV4I).Build.0 = Release EX|Windows Mobile 5.0 Pocket PC SDK (ARMV4I)
		{099DCA64-47EC-4B5A-9642-43FC1240C10D}.Release EX|Windows Mobile 5.0 Pocket PC SDK (ARMV4I).Deploy.0 = Release EX|Windows Mobile 5.0 Pocket PC SDK (ARMV4I)
		{099DCA64-47EC-4B5A-9642-43FC1240C10D}.Release EX|Windows Mobile 6 Professional SDK (ARMV4I).ActiveCfg = Release EX|Windows Mobile 6 Professional SDK (ARMV4I)
		{099DCA64-47EC-4B5A-9642-43FC1240C10D}.Release EX|Windows Mobile 6 Professional SDK (ARMV4I).Build.0 = Release EX|Windows Mobile 6 Professional SDK (ARMV4I)
		{099DCA64-47EC-4B5A-9642-43FC1240C10D}.Release EX|Windows Mobile 6 Professional SDK (ARMV4I).Deploy.0 = Release EX|Windows Mobile 6 Professional SDK (ARMV4I)
		{099DCA64-47EC-4B5A-9642-43FC1240C10D}.Release EX|Windows Mobile 6.5.3 Professional DTK (ARMV4I).ActiveCfg = Release EX|Windows Mobile 6.5.3 Professional DTK (ARMV4I)
		{099DCA64-47EC-4B5A-9642-43FC1240C10D}.Release EX|Windows Mobile 6.5.3 Professional DTK (ARMV4I).Build.0 = Release EX|Windows Mobile 6.5.3 Professional DTK (ARMV4I)
		{099DCA64-47EC-4B5A-9642-43FC1240C10D}.Release EX|Windows Mobile 6.5.3 Professional DTK (ARMV4I).Deploy.0 = Release EX|Windows Mobile 6.5.3 Professional DTK (ARMV4I)
		{099DCA64-47EC-4B5A-9642-43FC1240C10D}.Release FN|Windows Mobile 5.0 Pocket PC SDK (ARMV4I).ActiveCfg = Release FN|Windows Mobile 5.0 Pocket PC SDK (ARMV4I)
		{099DCA64-47EC-4B5A-9642-43FC1240C10D}.Release FN|Windows Mobile 5.0 Pocket PC SDK (ARMV4I).Build.0 = Release FN|Windows Mobile 5.0 Pocket PC SDK (ARMV4I)
		{099DCA64-47EC-4B5A-9642-43FC1240C10D}.Release FN|Windows Mobile 5.0 Pocket PC SDK (ARMV4I).Deploy.0 = Release FN|Windows Mobile 5.0 Pocket PC SDK (ARMV4I)
		{099DCA64-47EC-4B5A-9642-43FC1240C10D}.Release FN|Windows Mobile 6 Professional SDK (ARMV4I).ActiveCfg = Release FN|Windows Mobile 6 Professional SDK (ARMV4I)
		{099DCA64-47EC-4B5A-9642-43FC1240C10D}.Release FN|Windows Mobile 6 Professional SDK (ARMV4I).Build.0 = Release FN|Windows Mobile 6 Professional SDK (ARMV4I)
		{099DCA64-47EC-4B5A-9642-43FC1240C10D}.Release FN|Windows Mobile 6 Professional SDK (ARMV4I).Deploy.0 = Release FN|Windows Mobile 6 Professional SDK (ARMV4I)
		{099DCA64-47EC-4B5A-9642-43FC1240C10D}.Release FN|Windows Mobile 6.5.3 Professional DTK (ARMV4I).ActiveCfg = Release FN|Windows Mobile 6.5.3 Professional DTK (ARMV4I)
		{099DCA64-47EC-4B5A-9642-43FC1240C10D}.Release FN|Windows Mobile 6.5.3 Professional DTK (ARMV4I).Build.0 = Release FN|Windows Mobile 6.5.3 Professional DTK (ARMV4I)
		{099DCA64-47EC-4B5A-9642-43FC1240C10D}.Release FN|Windows Mobile 6.5.3 Professional DTK (ARMV4I).Deploy.0 = Release FN|Windows Mobile 6.5.3 Professional DTK (ARMV4I)
		{099DCA64-47EC-4B5A-9642-43FC1240C10D}.Release GG|Windows Mobile 5.0 Pocket PC SDK (ARMV4I).ActiveCfg = Release GG|Windows Mobile 5.0 Pocket PC SDK (ARMV4I)
		{099DCA64-47EC-4B5A-9642-43FC1240C10D}.Release GG|Windows Mobile 5.0 Pocket PC SDK (ARMV4I).Build.0 = Release GG|Windows Mobile 5.0 Pocket PC SDK (ARMV4I)
		{099DCA64-47EC-4B5A-9642-43FC1240C10D}.Release GG|Windows Mobile 5.0 Pocket PC SDK (ARMV4I).Deploy.0 = Release GG|Windows Mobile 5.0 Pocket PC SDK (ARMV4I)
		{099DCA64-47EC-4B5A-9642-43FC1240C10D}.Release GG|Windows Mobile 6 Professional SDK (ARMV4I).ActiveCfg = Release GG|Windows Mobile 6 Professional SDK (ARMV4I)
		{099DCA64-47EC-4B5A-9642-43FC1240C10D}.Release GG|Windows Mobile 6 Professional SDK (ARMV4I).Build.0 = Release GG|Windows Mobile 6 Professional SDK (ARMV4I)
		{099DCA64-47EC-4B5A-9642-43FC1240C10D}.Release GG|Windows Mobile 6 Professional SDK (ARMV4I).Deploy.0 = Release GG|Windows Mobile 6 Professional SDK (ARMV4I)
		{099DCA64-47EC-4B5A-9642-43FC1240C10D}.Release GG|Windows Mobile 6.5.3 Professional DTK (ARMV4I).ActiveCfg = Release GG|Windows Mobile 6.5.3 Professional DTK (ARMV4I)
		{099DCA64-47EC-4B5A-9642-43FC1240C10D}.Release GG|Windows Mobile 6.5.3 Professional DTK (ARMV4I).Build.0 = Release GG|Windows Mobile 6.5.3 Professional DTK (ARMV4I)
		{099DCA64-47EC-4B5A-9642-43FC1240C10D}.Release GG|Windows Mobile 6.5.3 Professional DTK (ARMV4I).Deploy.0 = Release GG|Windows Mobile 6.5.3 Professional DTK (ARMV4I)
		{099DCA64-47EC-4B5A-9642-43FC1240C10D}.Release RG|Windows Mobile 5.0 Pocket PC SDK (ARMV4I).ActiveCfg = Release RG|Windows Mobile 5.0 Pocket PC SDK (ARMV4I)
		{099DCA64-47EC-4B5A-9642-43FC1240C10D}.Release RG|Windows Mobile 5.0 Pocket PC SDK (ARMV4I).Build.0 = Release RG|Windows Mobile 5.0 Pocket PC SDK (ARMV4I)
		{099DCA64-47EC-4B5A-9642-43FC1240C10D}.Release RG|Windows Mobile 5.0 Pocket PC SDK (ARMV4I).Deploy.0 = Release RG|Windows Mobile 5.0 Pocket PC SDK (ARMV4I)
		{099DCA64-47EC-4B5A-9642-43FC1240C10D}.Release RG|Windows Mobile 6 Professional SDK (ARMV4I).ActiveCfg = Release RG|Windows Mobile 6 Professional SDK (ARMV4I)
		{099DCA64-47EC-4B5A-9642-43FC1240C10D}.Release RG|Windows Mobile 6 Professional SDK (ARMV4I).Build.0 = Release RG|Windows Mobile 6 Professional SDK (ARMV4I)
		{099DCA64-47EC-4B5A-9642-43FC1240C10D}.Release RG|Windows Mobile 6 Professional SDK (ARMV4I).Deploy.0 = Release RG|Windows Mobile 6 Professional SDK (ARMV4I)
		{099DCA64-47EC-4B5A-9642-43FC1240C10D}.Release RG|Windows Mobile 6.5.3 Professional DTK (ARMV4I).ActiveCfg = Release RG|Windows Mobile 6.5.3 Professional DTK (ARMV4I)
		{099DCA64-47EC-4B5A-9642-43FC1240C10D}.Release RG|Windows Mobile 6.5.3 Professional DTK (ARMV4I).Build.0 = Release RG|Windows Mobile 6.5.3 Professional DTK (ARMV4I)
		{099DCA64-47EC-4B5A-9642-43FC1240C10D}.Release RG|Windows Mobile 6.5.3 Professional DTK (ARMV4I).Deploy.0 = Release RG|Windows Mobile 6.5.3 Professional DTK (ARMV4I)
		{099DCA64-47EC-4B5A-9642-43FC1240C10D}.Release|Windows Mobile 5.0 Pocket PC SDK (ARMV4I).ActiveCfg = Release|Windows Mobile 5.0 Pocket PC SDK (ARMV4I)
		{099DCA64-47EC-4B5A-9642-43FC1240C10D}.Release|Windows Mobile 5.0 Pocket PC SDK (ARMV4I).Build.0 = Release|Windows Mobile 5.0 Pocket PC SDK (ARMV4I)
		{099DCA64-47EC-4B5A-9642-43FC1240C10D}.Release|Windows Mobile 5.0 Pocket PC SDK (ARMV4I).Deploy.0 = Release|Windows Mobile 5.0 Pocket PC SDK (ARMV4I)
		{099DCA64-47EC-4B5A-9642-43FC1240C10D}.Release|Windows Mobile 6 Professional SDK (ARMV4I).ActiveCfg = Release|Windows Mobile 6 Professional SDK (ARMV4I)
		{099DCA64-47EC-4B5A-9642-43FC1240C10D}.Release|Windows Mobile 6 Professional SDK (ARMV4I).Build.0 = Release|Windows Mobile 6 Professional SDK (ARMV4I)
		{099DCA64-47EC-4B5A-9642-43FC1240C10D}.Release|Windows Mobile 6 Professional SDK (ARMV4I).Deploy.0 = Release|Windows Mobile 6 Professional SDK (ARMV4I)
		{099DCA64-47EC-4B5A-9642-43FC1240C10D}.Release|Windows Mobile 6.5.3 Professional DTK (ARMV4I).ActiveCfg = Release|Windows Mobile 6.5.3 Professional DTK (ARMV4I)
		{099DCA64-47EC-4B5A-9642-43FC1240C10D}.Release|Windows Mobile 6.5.3 Professional DTK (ARMV4I).Build.0 = Release|Windows Mobile 6.5.3 Professional DTK (ARMV4I)
		{099DCA64-47EC-4B5A-9642-43FC1240C10D}.Release|Windows Mobile 6.5.3 Professional DTK (ARMV4I).Deploy.0 = Release|Windows Mobile 6.5.3 Professional DTK (ARMV4I)
	EndGlobalSection
	GlobalSection(SolutionProperties) = preSolution
		HideSolutionNode = FALSE
	EndGlobalSection
EndGlobal
